// !$*UTF8*$!
{
	archiveVersion = 1;
	classes = {
	};
	objectVersion = 54;
	objects = {

/* Begin PBXBuildFile section */
		03119B72A6E9456567DDABD5 /* Pods_WeatherForecastTests.framework in Frameworks */ = {isa = PBXBuildFile; fileRef = C896EEA3CEC258E001C66D22 /* Pods_WeatherForecastTests.framework */; };
		32F5955810F11B8D466BBE73 /* Pods_WeatherForecast.framework in Frameworks */ = {isa = PBXBuildFile; fileRef = 0741DC8FF0D9A762E8FA6D6F /* Pods_WeatherForecast.framework */; };
		474D1F25669F9ACBE2214CEC /* Pods_WeatherForecast_WeatherForecastUITests.framework in Frameworks */ = {isa = PBXBuildFile; fileRef = 58FD9A11C7D511DBD56D96DA /* Pods_WeatherForecast_WeatherForecastUITests.framework */; };
		E42CC7A025EBC12E003F06CE /* ApiServiceMock.swift in Sources */ = {isa = PBXBuildFile; fileRef = E46415F425EB8DCD00C84A73 /* ApiServiceMock.swift */; };
		E42CC7B625EBC676003F06CE /* LocalDatabaseServiceMock.swift in Sources */ = {isa = PBXBuildFile; fileRef = E42CC7B525EBC676003F06CE /* LocalDatabaseServiceMock.swift */; };
		E42CC7D425EBDD1B003F06CE /* .swiftlint.yml in Resources */ = {isa = PBXBuildFile; fileRef = E42CC7D225EBDD1B003F06CE /* .swiftlint.yml */; };
		E4532C4025EA1F12002B7E55 /* ApiService.swift in Sources */ = {isa = PBXBuildFile; fileRef = E4532C3F25EA1F12002B7E55 /* ApiService.swift */; };
		E4532C4825EA2667002B7E55 /* BaseError.swift in Sources */ = {isa = PBXBuildFile; fileRef = E4532C4725EA2667002B7E55 /* BaseError.swift */; };
		E4532C5225EA272F002B7E55 /* ApiServiceType.swift in Sources */ = {isa = PBXBuildFile; fileRef = E4532C5125EA272F002B7E55 /* ApiServiceType.swift */; };
		E4532C5A25EA2897002B7E55 /* Endpoint.swift in Sources */ = {isa = PBXBuildFile; fileRef = E4532C5925EA2897002B7E55 /* Endpoint.swift */; };
		E4532C5F25EA294E002B7E55 /* BaseRequest.swift in Sources */ = {isa = PBXBuildFile; fileRef = E4532C5E25EA294E002B7E55 /* BaseRequest.swift */; };
		E4532C6425EA2A3A002B7E55 /* RequestFactory.swift in Sources */ = {isa = PBXBuildFile; fileRef = E4532C6325EA2A3A002B7E55 /* RequestFactory.swift */; };
		E4532C6925EA2E03002B7E55 /* Configuration.swift in Sources */ = {isa = PBXBuildFile; fileRef = E4532C6825EA2E03002B7E55 /* Configuration.swift */; };
		E4532C7125EA3271002B7E55 /* Units.swift in Sources */ = {isa = PBXBuildFile; fileRef = E4532C7025EA3271002B7E55 /* Units.swift */; };
		E4532C7E25EA4B0D002B7E55 /* QueryWeatherRequest.swift in Sources */ = {isa = PBXBuildFile; fileRef = E4532C7D25EA4B0D002B7E55 /* QueryWeatherRequest.swift */; };
		E4532C8625EA4BC9002B7E55 /* HTTPMethod.swift in Sources */ = {isa = PBXBuildFile; fileRef = E4532C8525EA4BC9002B7E55 /* HTTPMethod.swift */; };
		E4532C8B25EA4BD7002B7E55 /* HTTPRequest.swift in Sources */ = {isa = PBXBuildFile; fileRef = E4532C8A25EA4BD7002B7E55 /* HTTPRequest.swift */; };
		E4532C9725EA4C64002B7E55 /* BaseResponse.swift in Sources */ = {isa = PBXBuildFile; fileRef = E4532C9625EA4C64002B7E55 /* BaseResponse.swift */; };
		E454F9B425EA7DD9006A3640 /* WeatherViewController.xib in Resources */ = {isa = PBXBuildFile; fileRef = E454F9B325EA7DD9006A3640 /* WeatherViewController.xib */; };
		E454F9E225EA8A93006A3640 /* Data+Ext.swift in Sources */ = {isa = PBXBuildFile; fileRef = E454F9E125EA8A93006A3640 /* Data+Ext.swift */; };
		E454F9E725EA8B2F006A3640 /* Logger.swift in Sources */ = {isa = PBXBuildFile; fileRef = E454F9E625EA8B2F006A3640 /* Logger.swift */; };
		E454F9EF25EA9791006A3640 /* NumberFormatter.swift in Sources */ = {isa = PBXBuildFile; fileRef = E454F9EE25EA9791006A3640 /* NumberFormatter.swift */; };
		E462BE3625E9F8C100891B12 /* AppDelegate.swift in Sources */ = {isa = PBXBuildFile; fileRef = E462BE3525E9F8C100891B12 /* AppDelegate.swift */; };
		E462BE3A25E9F8C100891B12 /* WeatherViewController.swift in Sources */ = {isa = PBXBuildFile; fileRef = E462BE3925E9F8C100891B12 /* WeatherViewController.swift */; };
		E462BE3F25E9F8C200891B12 /* Assets.xcassets in Resources */ = {isa = PBXBuildFile; fileRef = E462BE3E25E9F8C200891B12 /* Assets.xcassets */; };
		E462BE4225E9F8C200891B12 /* LaunchScreen.storyboard in Resources */ = {isa = PBXBuildFile; fileRef = E462BE4025E9F8C200891B12 /* LaunchScreen.storyboard */; };
		E462BE5825E9F8C300891B12 /* WeatherForecastUITests.swift in Sources */ = {isa = PBXBuildFile; fileRef = E462BE5725E9F8C300891B12 /* WeatherForecastUITests.swift */; };
		E462BE6A25E9FBD900891B12 /* WeatherCell.swift in Sources */ = {isa = PBXBuildFile; fileRef = E462BE6825E9FBD900891B12 /* WeatherCell.swift */; };
		E462BE6B25E9FBD900891B12 /* WeatherCell.xib in Resources */ = {isa = PBXBuildFile; fileRef = E462BE6925E9FBD900891B12 /* WeatherCell.xib */; };
		E462BE7025EA00ED00891B12 /* WeatherDetail.swift in Sources */ = {isa = PBXBuildFile; fileRef = E462BE6F25EA00ED00891B12 /* WeatherDetail.swift */; };
		E462BE7525EA059900891B12 /* QueryWeatherResponse.swift in Sources */ = {isa = PBXBuildFile; fileRef = E462BE7425EA059900891B12 /* QueryWeatherResponse.swift */; };
		E462BE8D25EA095D00891B12 /* Coordinate.swift in Sources */ = {isa = PBXBuildFile; fileRef = E462BE8C25EA095D00891B12 /* Coordinate.swift */; };
		E462BEA125EA09DD00891B12 /* Weather.swift in Sources */ = {isa = PBXBuildFile; fileRef = E462BEA025EA09DD00891B12 /* Weather.swift */; };
		E462BEB325EA116900891B12 /* Date+Ext.swift in Sources */ = {isa = PBXBuildFile; fileRef = E462BEB225EA116900891B12 /* Date+Ext.swift */; };
		E462BEEA25EA18BD00891B12 /* WeatherViewModel.swift in Sources */ = {isa = PBXBuildFile; fileRef = E462BEE925EA18BD00891B12 /* WeatherViewModel.swift */; };
		E462BEF225EA198C00891B12 /* BaseViewController.swift in Sources */ = {isa = PBXBuildFile; fileRef = E462BEF125EA198C00891B12 /* BaseViewController.swift */; };
		E46415C125EB5C2400C84A73 /* BaseNavigationController.swift in Sources */ = {isa = PBXBuildFile; fileRef = E46415C025EB5C2400C84A73 /* BaseNavigationController.swift */; };
		E46415C625EB5CF800C84A73 /* UIView+Ext.swift in Sources */ = {isa = PBXBuildFile; fileRef = E46415C525EB5CF800C84A73 /* UIView+Ext.swift */; };
		E46415E625EB759C00C84A73 /* DialogViewPresentable.swift in Sources */ = {isa = PBXBuildFile; fileRef = E46415E525EB759C00C84A73 /* DialogViewPresentable.swift */; };
		E46415F025EB8DA900C84A73 /* saigon_weather.json in Resources */ = {isa = PBXBuildFile; fileRef = E46415EF25EB8DA900C84A73 /* saigon_weather.json */; };
		E464160725EBA0E200C84A73 /* LocalDatabaseServiceTests.swift in Sources */ = {isa = PBXBuildFile; fileRef = E464160625EBA0E200C84A73 /* LocalDatabaseServiceTests.swift */; };
		E464160F25EBA11400C84A73 /* WeatherViewModelTests.swift in Sources */ = {isa = PBXBuildFile; fileRef = E464160E25EBA11400C84A73 /* WeatherViewModelTests.swift */; };
		E464163025EBA62800C84A73 /* ApiServiceTests.swift in Sources */ = {isa = PBXBuildFile; fileRef = E464162F25EBA62800C84A73 /* ApiServiceTests.swift */; };
		E475E26C2C6148C9009B86C5 /* WeatherDetailViewController.xib in Resources */ = {isa = PBXBuildFile; fileRef = E475E26B2C6148C9009B86C5 /* WeatherDetailViewController.xib */; };
		E475E26D2C6148C9009B86C5 /* WeatherDetailViewController.swift in Sources */ = {isa = PBXBuildFile; fileRef = E475E26A2C6148C9009B86C5 /* WeatherDetailViewController.swift */; };
		E475E2702C6152AF009B86C5 /* WeatherDetailViewModel.swift in Sources */ = {isa = PBXBuildFile; fileRef = E475E26F2C6152AF009B86C5 /* WeatherDetailViewModel.swift */; };
		E475E2732C615323009B86C5 /* SquareItemCell.xib in Resources */ = {isa = PBXBuildFile; fileRef = E475E2722C615323009B86C5 /* SquareItemCell.xib */; };
		E475E2742C615323009B86C5 /* SquareItemCell.swift in Sources */ = {isa = PBXBuildFile; fileRef = E475E2712C615323009B86C5 /* SquareItemCell.swift */; };
		E4DAE7942C634BBD00D8EB24 /* RetangleItemCell.swift in Sources */ = {isa = PBXBuildFile; fileRef = E4DAE7922C634BBD00D8EB24 /* RetangleItemCell.swift */; };
		E4DAE7952C634BBD00D8EB24 /* RetangleItemCell.xib in Resources */ = {isa = PBXBuildFile; fileRef = E4DAE7932C634BBD00D8EB24 /* RetangleItemCell.xib */; };
		E4DAE7972C635A1D00D8EB24 /* String+Ext.swift in Sources */ = {isa = PBXBuildFile; fileRef = E4DAE7962C635A1D00D8EB24 /* String+Ext.swift */; };
		E4DAE7992C637A9600D8EB24 /* City.swift in Sources */ = {isa = PBXBuildFile; fileRef = E4DAE7982C637A9600D8EB24 /* City.swift */; };
		E4DAE79B2C637B6200D8EB24 /* RealmDatabaseService.swift in Sources */ = {isa = PBXBuildFile; fileRef = E4DAE79A2C637B6200D8EB24 /* RealmDatabaseService.swift */; };
		E4DAE79D2C63BF0A00D8EB24 /* Wind.swift in Sources */ = {isa = PBXBuildFile; fileRef = E4DAE79C2C63BF0A00D8EB24 /* Wind.swift */; };
		E4DAE79F2C63BF2700D8EB24 /* Rain.swift in Sources */ = {isa = PBXBuildFile; fileRef = E4DAE79E2C63BF2700D8EB24 /* Rain.swift */; };
		E4DAE7A12C63BF3700D8EB24 /* Clouds.swift in Sources */ = {isa = PBXBuildFile; fileRef = E4DAE7A02C63BF3700D8EB24 /* Clouds.swift */; };
		E4DAE7A32C63BF4D00D8EB24 /* Sys.swift in Sources */ = {isa = PBXBuildFile; fileRef = E4DAE7A22C63BF4D00D8EB24 /* Sys.swift */; };
		E4DAE7A92C63D1BF00D8EB24 /* DependencyContainer.swift in Sources */ = {isa = PBXBuildFile; fileRef = E4DAE7A82C63D1BF00D8EB24 /* DependencyContainer.swift */; };
		E4DAE7AB2C63D53C00D8EB24 /* Container.swift in Sources */ = {isa = PBXBuildFile; fileRef = E4DAE7AA2C63D53C00D8EB24 /* Container.swift */; };
		E4DAE7AE2C63D5DB00D8EB24 /* AnyServiceFactory.swift in Sources */ = {isa = PBXBuildFile; fileRef = E4DAE7AD2C63D5DB00D8EB24 /* AnyServiceFactory.swift */; };
		E4DAE7B02C63D61700D8EB24 /* BasicServiceFactory.swift in Sources */ = {isa = PBXBuildFile; fileRef = E4DAE7AF2C63D61700D8EB24 /* BasicServiceFactory.swift */; };
		E4DAE7B22C63D64A00D8EB24 /* Resolver.swift in Sources */ = {isa = PBXBuildFile; fileRef = E4DAE7B12C63D64A00D8EB24 /* Resolver.swift */; };
		E4DAE7B72C63E3B000D8EB24 /* RealmMigration.swift in Sources */ = {isa = PBXBuildFile; fileRef = E4DAE7B62C63E3B000D8EB24 /* RealmMigration.swift */; };
		E4DAE7BC2C64097600D8EB24 /* WeatherDataSource.swift in Sources */ = {isa = PBXBuildFile; fileRef = E4DAE7BB2C64097600D8EB24 /* WeatherDataSource.swift */; };
		E4DAE7BE2C64115C00D8EB24 /* WeatherDetailDataSource.swift in Sources */ = {isa = PBXBuildFile; fileRef = E4DAE7BD2C64115C00D8EB24 /* WeatherDetailDataSource.swift */; };
/* End PBXBuildFile section */

/* Begin PBXContainerItemProxy section */
		E462BE4925E9F8C300891B12 /* PBXContainerItemProxy */ = {
			isa = PBXContainerItemProxy;
			containerPortal = E462BE2A25E9F8C000891B12 /* Project object */;
			proxyType = 1;
			remoteGlobalIDString = E462BE3125E9F8C100891B12;
			remoteInfo = WeatherForecast;
		};
		E462BE5425E9F8C300891B12 /* PBXContainerItemProxy */ = {
			isa = PBXContainerItemProxy;
			containerPortal = E462BE2A25E9F8C000891B12 /* Project object */;
			proxyType = 1;
			remoteGlobalIDString = E462BE3125E9F8C100891B12;
			remoteInfo = WeatherForecast;
		};
/* End PBXContainerItemProxy section */

/* Begin PBXFileReference section */
		0741DC8FF0D9A762E8FA6D6F /* Pods_WeatherForecast.framework */ = {isa = PBXFileReference; explicitFileType = wrapper.framework; includeInIndex = 0; path = Pods_WeatherForecast.framework; sourceTree = BUILT_PRODUCTS_DIR; };
		24412DE023D7C127CCAE24A9 /* Pods-WeatherForecastTests.debug.xcconfig */ = {isa = PBXFileReference; includeInIndex = 1; lastKnownFileType = text.xcconfig; name = "Pods-WeatherForecastTests.debug.xcconfig"; path = "Target Support Files/Pods-WeatherForecastTests/Pods-WeatherForecastTests.debug.xcconfig"; sourceTree = "<group>"; };
		555B918D885FEA1AEC81ECA0 /* Pods-WeatherForecast-WeatherForecastUITests.release.xcconfig */ = {isa = PBXFileReference; includeInIndex = 1; lastKnownFileType = text.xcconfig; name = "Pods-WeatherForecast-WeatherForecastUITests.release.xcconfig"; path = "Target Support Files/Pods-WeatherForecast-WeatherForecastUITests/Pods-WeatherForecast-WeatherForecastUITests.release.xcconfig"; sourceTree = "<group>"; };
		58FD9A11C7D511DBD56D96DA /* Pods_WeatherForecast_WeatherForecastUITests.framework */ = {isa = PBXFileReference; explicitFileType = wrapper.framework; includeInIndex = 0; path = Pods_WeatherForecast_WeatherForecastUITests.framework; sourceTree = BUILT_PRODUCTS_DIR; };
		764003430537DFECC35AC10A /* Pods-WeatherForecast.release.xcconfig */ = {isa = PBXFileReference; includeInIndex = 1; lastKnownFileType = text.xcconfig; name = "Pods-WeatherForecast.release.xcconfig"; path = "Target Support Files/Pods-WeatherForecast/Pods-WeatherForecast.release.xcconfig"; sourceTree = "<group>"; };
		C896EEA3CEC258E001C66D22 /* Pods_WeatherForecastTests.framework */ = {isa = PBXFileReference; explicitFileType = wrapper.framework; includeInIndex = 0; path = Pods_WeatherForecastTests.framework; sourceTree = BUILT_PRODUCTS_DIR; };
		CA23F637C781F09DF79DF990 /* Pods-WeatherForecastTests.release.xcconfig */ = {isa = PBXFileReference; includeInIndex = 1; lastKnownFileType = text.xcconfig; name = "Pods-WeatherForecastTests.release.xcconfig"; path = "Target Support Files/Pods-WeatherForecastTests/Pods-WeatherForecastTests.release.xcconfig"; sourceTree = "<group>"; };
		D8A43DB33D620359BE135946 /* Pods-WeatherForecast.debug.xcconfig */ = {isa = PBXFileReference; includeInIndex = 1; lastKnownFileType = text.xcconfig; name = "Pods-WeatherForecast.debug.xcconfig"; path = "Target Support Files/Pods-WeatherForecast/Pods-WeatherForecast.debug.xcconfig"; sourceTree = "<group>"; };
		DC2771EA5FC2C155EB5C1E31 /* Pods-WeatherForecast-WeatherForecastUITests.debug.xcconfig */ = {isa = PBXFileReference; includeInIndex = 1; lastKnownFileType = text.xcconfig; name = "Pods-WeatherForecast-WeatherForecastUITests.debug.xcconfig"; path = "Target Support Files/Pods-WeatherForecast-WeatherForecastUITests/Pods-WeatherForecast-WeatherForecastUITests.debug.xcconfig"; sourceTree = "<group>"; };
		E42CC7B525EBC676003F06CE /* LocalDatabaseServiceMock.swift */ = {isa = PBXFileReference; lastKnownFileType = sourcecode.swift; path = LocalDatabaseServiceMock.swift; sourceTree = "<group>"; };
		E42CC7D225EBDD1B003F06CE /* .swiftlint.yml */ = {isa = PBXFileReference; fileEncoding = 4; lastKnownFileType = text.yaml; path = .swiftlint.yml; sourceTree = SOURCE_ROOT; };
		E4532C3F25EA1F12002B7E55 /* ApiService.swift */ = {isa = PBXFileReference; lastKnownFileType = sourcecode.swift; path = ApiService.swift; sourceTree = "<group>"; };
		E4532C4725EA2667002B7E55 /* BaseError.swift */ = {isa = PBXFileReference; lastKnownFileType = sourcecode.swift; path = BaseError.swift; sourceTree = "<group>"; };
		E4532C5125EA272F002B7E55 /* ApiServiceType.swift */ = {isa = PBXFileReference; lastKnownFileType = sourcecode.swift; path = ApiServiceType.swift; sourceTree = "<group>"; };
		E4532C5925EA2897002B7E55 /* Endpoint.swift */ = {isa = PBXFileReference; lastKnownFileType = sourcecode.swift; path = Endpoint.swift; sourceTree = "<group>"; };
		E4532C5E25EA294E002B7E55 /* BaseRequest.swift */ = {isa = PBXFileReference; lastKnownFileType = sourcecode.swift; path = BaseRequest.swift; sourceTree = "<group>"; };
		E4532C6325EA2A3A002B7E55 /* RequestFactory.swift */ = {isa = PBXFileReference; lastKnownFileType = sourcecode.swift; path = RequestFactory.swift; sourceTree = "<group>"; };
		E4532C6825EA2E03002B7E55 /* Configuration.swift */ = {isa = PBXFileReference; lastKnownFileType = sourcecode.swift; path = Configuration.swift; sourceTree = "<group>"; };
		E4532C7025EA3271002B7E55 /* Units.swift */ = {isa = PBXFileReference; lastKnownFileType = sourcecode.swift; path = Units.swift; sourceTree = "<group>"; };
		E4532C7D25EA4B0D002B7E55 /* QueryWeatherRequest.swift */ = {isa = PBXFileReference; lastKnownFileType = sourcecode.swift; path = QueryWeatherRequest.swift; sourceTree = "<group>"; };
		E4532C8525EA4BC9002B7E55 /* HTTPMethod.swift */ = {isa = PBXFileReference; lastKnownFileType = sourcecode.swift; path = HTTPMethod.swift; sourceTree = "<group>"; };
		E4532C8A25EA4BD7002B7E55 /* HTTPRequest.swift */ = {isa = PBXFileReference; lastKnownFileType = sourcecode.swift; path = HTTPRequest.swift; sourceTree = "<group>"; };
		E4532C9625EA4C64002B7E55 /* BaseResponse.swift */ = {isa = PBXFileReference; lastKnownFileType = sourcecode.swift; path = BaseResponse.swift; sourceTree = "<group>"; };
		E454F9B325EA7DD9006A3640 /* WeatherViewController.xib */ = {isa = PBXFileReference; lastKnownFileType = file.xib; path = WeatherViewController.xib; sourceTree = "<group>"; };
		E454F9E125EA8A93006A3640 /* Data+Ext.swift */ = {isa = PBXFileReference; lastKnownFileType = sourcecode.swift; path = "Data+Ext.swift"; sourceTree = "<group>"; };
		E454F9E625EA8B2F006A3640 /* Logger.swift */ = {isa = PBXFileReference; lastKnownFileType = sourcecode.swift; path = Logger.swift; sourceTree = "<group>"; };
		E454F9EE25EA9791006A3640 /* NumberFormatter.swift */ = {isa = PBXFileReference; lastKnownFileType = sourcecode.swift; path = NumberFormatter.swift; sourceTree = "<group>"; };
		E462BE3225E9F8C100891B12 /* WeatherForecast.app */ = {isa = PBXFileReference; explicitFileType = wrapper.application; includeInIndex = 0; path = WeatherForecast.app; sourceTree = BUILT_PRODUCTS_DIR; };
		E462BE3525E9F8C100891B12 /* AppDelegate.swift */ = {isa = PBXFileReference; lastKnownFileType = sourcecode.swift; path = AppDelegate.swift; sourceTree = "<group>"; };
		E462BE3925E9F8C100891B12 /* WeatherViewController.swift */ = {isa = PBXFileReference; lastKnownFileType = sourcecode.swift; path = WeatherViewController.swift; sourceTree = "<group>"; };
		E462BE3E25E9F8C200891B12 /* Assets.xcassets */ = {isa = PBXFileReference; lastKnownFileType = folder.assetcatalog; path = Assets.xcassets; sourceTree = "<group>"; };
		E462BE4125E9F8C200891B12 /* Base */ = {isa = PBXFileReference; lastKnownFileType = file.storyboard; name = Base; path = Base.lproj/LaunchScreen.storyboard; sourceTree = "<group>"; };
		E462BE4325E9F8C200891B12 /* Info.plist */ = {isa = PBXFileReference; lastKnownFileType = text.plist.xml; path = Info.plist; sourceTree = "<group>"; };
		E462BE4825E9F8C300891B12 /* WeatherForecastTests.xctest */ = {isa = PBXFileReference; explicitFileType = wrapper.cfbundle; includeInIndex = 0; path = WeatherForecastTests.xctest; sourceTree = BUILT_PRODUCTS_DIR; };
		E462BE4E25E9F8C300891B12 /* Info.plist */ = {isa = PBXFileReference; lastKnownFileType = text.plist.xml; path = Info.plist; sourceTree = "<group>"; };
		E462BE5325E9F8C300891B12 /* WeatherForecastUITests.xctest */ = {isa = PBXFileReference; explicitFileType = wrapper.cfbundle; includeInIndex = 0; path = WeatherForecastUITests.xctest; sourceTree = BUILT_PRODUCTS_DIR; };
		E462BE5725E9F8C300891B12 /* WeatherForecastUITests.swift */ = {isa = PBXFileReference; lastKnownFileType = sourcecode.swift; path = WeatherForecastUITests.swift; sourceTree = "<group>"; };
		E462BE5925E9F8C300891B12 /* Info.plist */ = {isa = PBXFileReference; lastKnownFileType = text.plist.xml; path = Info.plist; sourceTree = "<group>"; };
		E462BE6825E9FBD900891B12 /* WeatherCell.swift */ = {isa = PBXFileReference; lastKnownFileType = sourcecode.swift; path = WeatherCell.swift; sourceTree = "<group>"; };
		E462BE6925E9FBD900891B12 /* WeatherCell.xib */ = {isa = PBXFileReference; lastKnownFileType = file.xib; path = WeatherCell.xib; sourceTree = "<group>"; };
		E462BE6F25EA00ED00891B12 /* WeatherDetail.swift */ = {isa = PBXFileReference; lastKnownFileType = sourcecode.swift; path = WeatherDetail.swift; sourceTree = "<group>"; };
		E462BE7425EA059900891B12 /* QueryWeatherResponse.swift */ = {isa = PBXFileReference; lastKnownFileType = sourcecode.swift; path = QueryWeatherResponse.swift; sourceTree = "<group>"; };
		E462BE8C25EA095D00891B12 /* Coordinate.swift */ = {isa = PBXFileReference; lastKnownFileType = sourcecode.swift; path = Coordinate.swift; sourceTree = "<group>"; };
		E462BEA025EA09DD00891B12 /* Weather.swift */ = {isa = PBXFileReference; lastKnownFileType = sourcecode.swift; path = Weather.swift; sourceTree = "<group>"; };
		E462BEB225EA116900891B12 /* Date+Ext.swift */ = {isa = PBXFileReference; lastKnownFileType = sourcecode.swift; path = "Date+Ext.swift"; sourceTree = "<group>"; };
		E462BEE925EA18BD00891B12 /* WeatherViewModel.swift */ = {isa = PBXFileReference; lastKnownFileType = sourcecode.swift; path = WeatherViewModel.swift; sourceTree = "<group>"; };
		E462BEF125EA198C00891B12 /* BaseViewController.swift */ = {isa = PBXFileReference; lastKnownFileType = sourcecode.swift; path = BaseViewController.swift; sourceTree = "<group>"; };
		E46415C025EB5C2400C84A73 /* BaseNavigationController.swift */ = {isa = PBXFileReference; lastKnownFileType = sourcecode.swift; path = BaseNavigationController.swift; sourceTree = "<group>"; };
		E46415C525EB5CF800C84A73 /* UIView+Ext.swift */ = {isa = PBXFileReference; lastKnownFileType = sourcecode.swift; path = "UIView+Ext.swift"; sourceTree = "<group>"; };
		E46415E525EB759C00C84A73 /* DialogViewPresentable.swift */ = {isa = PBXFileReference; lastKnownFileType = sourcecode.swift; path = DialogViewPresentable.swift; sourceTree = "<group>"; };
		E46415EF25EB8DA900C84A73 /* saigon_weather.json */ = {isa = PBXFileReference; lastKnownFileType = text.json; path = saigon_weather.json; sourceTree = "<group>"; };
		E46415F425EB8DCD00C84A73 /* ApiServiceMock.swift */ = {isa = PBXFileReference; lastKnownFileType = sourcecode.swift; path = ApiServiceMock.swift; sourceTree = "<group>"; };
		E464160625EBA0E200C84A73 /* LocalDatabaseServiceTests.swift */ = {isa = PBXFileReference; lastKnownFileType = sourcecode.swift; path = LocalDatabaseServiceTests.swift; sourceTree = "<group>"; };
		E464160E25EBA11400C84A73 /* WeatherViewModelTests.swift */ = {isa = PBXFileReference; lastKnownFileType = sourcecode.swift; path = WeatherViewModelTests.swift; sourceTree = "<group>"; };
		E464162F25EBA62800C84A73 /* ApiServiceTests.swift */ = {isa = PBXFileReference; lastKnownFileType = sourcecode.swift; path = ApiServiceTests.swift; sourceTree = "<group>"; };
		E475E26A2C6148C9009B86C5 /* WeatherDetailViewController.swift */ = {isa = PBXFileReference; lastKnownFileType = sourcecode.swift; path = WeatherDetailViewController.swift; sourceTree = "<group>"; };
		E475E26B2C6148C9009B86C5 /* WeatherDetailViewController.xib */ = {isa = PBXFileReference; lastKnownFileType = file.xib; path = WeatherDetailViewController.xib; sourceTree = "<group>"; };
		E475E26F2C6152AF009B86C5 /* WeatherDetailViewModel.swift */ = {isa = PBXFileReference; lastKnownFileType = sourcecode.swift; path = WeatherDetailViewModel.swift; sourceTree = "<group>"; };
		E475E2712C615323009B86C5 /* SquareItemCell.swift */ = {isa = PBXFileReference; lastKnownFileType = sourcecode.swift; path = SquareItemCell.swift; sourceTree = "<group>"; };
		E475E2722C615323009B86C5 /* SquareItemCell.xib */ = {isa = PBXFileReference; lastKnownFileType = file.xib; path = SquareItemCell.xib; sourceTree = "<group>"; };
		E4DAE7922C634BBD00D8EB24 /* RetangleItemCell.swift */ = {isa = PBXFileReference; lastKnownFileType = sourcecode.swift; path = RetangleItemCell.swift; sourceTree = "<group>"; };
		E4DAE7932C634BBD00D8EB24 /* RetangleItemCell.xib */ = {isa = PBXFileReference; lastKnownFileType = file.xib; path = RetangleItemCell.xib; sourceTree = "<group>"; };
		E4DAE7962C635A1D00D8EB24 /* String+Ext.swift */ = {isa = PBXFileReference; lastKnownFileType = sourcecode.swift; path = "String+Ext.swift"; sourceTree = "<group>"; };
		E4DAE7982C637A9600D8EB24 /* City.swift */ = {isa = PBXFileReference; lastKnownFileType = sourcecode.swift; path = City.swift; sourceTree = "<group>"; };
		E4DAE79A2C637B6200D8EB24 /* RealmDatabaseService.swift */ = {isa = PBXFileReference; lastKnownFileType = sourcecode.swift; path = RealmDatabaseService.swift; sourceTree = "<group>"; };
		E4DAE79C2C63BF0A00D8EB24 /* Wind.swift */ = {isa = PBXFileReference; lastKnownFileType = sourcecode.swift; path = Wind.swift; sourceTree = "<group>"; };
		E4DAE79E2C63BF2700D8EB24 /* Rain.swift */ = {isa = PBXFileReference; lastKnownFileType = sourcecode.swift; path = Rain.swift; sourceTree = "<group>"; };
		E4DAE7A02C63BF3700D8EB24 /* Clouds.swift */ = {isa = PBXFileReference; lastKnownFileType = sourcecode.swift; path = Clouds.swift; sourceTree = "<group>"; };
		E4DAE7A22C63BF4D00D8EB24 /* Sys.swift */ = {isa = PBXFileReference; lastKnownFileType = sourcecode.swift; path = Sys.swift; sourceTree = "<group>"; };
		E4DAE7A82C63D1BF00D8EB24 /* DependencyContainer.swift */ = {isa = PBXFileReference; lastKnownFileType = sourcecode.swift; path = DependencyContainer.swift; sourceTree = "<group>"; };
		E4DAE7AA2C63D53C00D8EB24 /* Container.swift */ = {isa = PBXFileReference; lastKnownFileType = sourcecode.swift; path = Container.swift; sourceTree = "<group>"; };
		E4DAE7AD2C63D5DB00D8EB24 /* AnyServiceFactory.swift */ = {isa = PBXFileReference; lastKnownFileType = sourcecode.swift; path = AnyServiceFactory.swift; sourceTree = "<group>"; };
		E4DAE7AF2C63D61700D8EB24 /* BasicServiceFactory.swift */ = {isa = PBXFileReference; lastKnownFileType = sourcecode.swift; path = BasicServiceFactory.swift; sourceTree = "<group>"; };
		E4DAE7B12C63D64A00D8EB24 /* Resolver.swift */ = {isa = PBXFileReference; lastKnownFileType = sourcecode.swift; path = Resolver.swift; sourceTree = "<group>"; };
		E4DAE7B62C63E3B000D8EB24 /* RealmMigration.swift */ = {isa = PBXFileReference; lastKnownFileType = sourcecode.swift; path = RealmMigration.swift; sourceTree = "<group>"; };
		E4DAE7BB2C64097600D8EB24 /* WeatherDataSource.swift */ = {isa = PBXFileReference; lastKnownFileType = sourcecode.swift; path = WeatherDataSource.swift; sourceTree = "<group>"; };
		E4DAE7BD2C64115C00D8EB24 /* WeatherDetailDataSource.swift */ = {isa = PBXFileReference; lastKnownFileType = sourcecode.swift; path = WeatherDetailDataSource.swift; sourceTree = "<group>"; };
/* End PBXFileReference section */

/* Begin PBXFrameworksBuildPhase section */
		E462BE2F25E9F8C100891B12 /* Frameworks */ = {
			isa = PBXFrameworksBuildPhase;
			buildActionMask = 2147483647;
			files = (
				32F5955810F11B8D466BBE73 /* Pods_WeatherForecast.framework in Frameworks */,
			);
			runOnlyForDeploymentPostprocessing = 0;
		};
		E462BE4525E9F8C300891B12 /* Frameworks */ = {
			isa = PBXFrameworksBuildPhase;
			buildActionMask = 2147483647;
			files = (
				03119B72A6E9456567DDABD5 /* Pods_WeatherForecastTests.framework in Frameworks */,
			);
			runOnlyForDeploymentPostprocessing = 0;
		};
		E462BE5025E9F8C300891B12 /* Frameworks */ = {
			isa = PBXFrameworksBuildPhase;
			buildActionMask = 2147483647;
			files = (
				474D1F25669F9ACBE2214CEC /* Pods_WeatherForecast_WeatherForecastUITests.framework in Frameworks */,
			);
			runOnlyForDeploymentPostprocessing = 0;
		};
/* End PBXFrameworksBuildPhase section */

/* Begin PBXGroup section */
		CEA25DA2655EC04B7FE84807 /* Frameworks */ = {
			isa = PBXGroup;
			children = (
				0741DC8FF0D9A762E8FA6D6F /* Pods_WeatherForecast.framework */,
				58FD9A11C7D511DBD56D96DA /* Pods_WeatherForecast_WeatherForecastUITests.framework */,
				C896EEA3CEC258E001C66D22 /* Pods_WeatherForecastTests.framework */,
			);
			name = Frameworks;
			sourceTree = "<group>";
		};
		E4532C8F25EA4C0D002B7E55 /* Core */ = {
			isa = PBXGroup;
			children = (
				E4532C8525EA4BC9002B7E55 /* HTTPMethod.swift */,
				E4532C8A25EA4BD7002B7E55 /* HTTPRequest.swift */,
				E4532C4725EA2667002B7E55 /* BaseError.swift */,
				E4532C5E25EA294E002B7E55 /* BaseRequest.swift */,
				E4532C9625EA4C64002B7E55 /* BaseResponse.swift */,
			);
			path = Core;
			sourceTree = "<group>";
		};
		E4532C9B25EA4CFF002B7E55 /* Configuration */ = {
			isa = PBXGroup;
			children = (
				E4532C6825EA2E03002B7E55 /* Configuration.swift */,
			);
			path = Configuration;
			sourceTree = "<group>";
		};
		E462BE2925E9F8C000891B12 = {
			isa = PBXGroup;
			children = (
				E462BE3425E9F8C100891B12 /* WeatherForecast */,
				E462BE4B25E9F8C300891B12 /* WeatherForecastTests */,
				E462BE5625E9F8C300891B12 /* WeatherForecastUITests */,
				E462BE3325E9F8C100891B12 /* Products */,
				F5188555CA8701C378CED61D /* Pods */,
				CEA25DA2655EC04B7FE84807 /* Frameworks */,
			);
			sourceTree = "<group>";
		};
		E462BE3325E9F8C100891B12 /* Products */ = {
			isa = PBXGroup;
			children = (
				E462BE3225E9F8C100891B12 /* WeatherForecast.app */,
				E462BE4825E9F8C300891B12 /* WeatherForecastTests.xctest */,
				E462BE5325E9F8C300891B12 /* WeatherForecastUITests.xctest */,
			);
			name = Products;
			sourceTree = "<group>";
		};
		E462BE3425E9F8C100891B12 /* WeatherForecast */ = {
			isa = PBXGroup;
			children = (
				E42CC7D225EBDD1B003F06CE /* .swiftlint.yml */,
				E4532C9B25EA4CFF002B7E55 /* Configuration */,
				E4DAE7AC2C63D5B400D8EB24 /* DependencyContainer */,
				E462BEA825EA0A8400891B12 /* ApiService */,
				E462BEA525EA09F900891B12 /* Model */,
				E462BEA725EA0A6F00891B12 /* Controllers */,
				E46415D625EB6B0500C84A73 /* LocalStorage */,
				E462BEBF25EA15A600891B12 /* Utils */,
				E462BE4325E9F8C200891B12 /* Info.plist */,
				E462BE3525E9F8C100891B12 /* AppDelegate.swift */,
				E462BE4025E9F8C200891B12 /* LaunchScreen.storyboard */,
				E462BE3E25E9F8C200891B12 /* Assets.xcassets */,
			);
			path = WeatherForecast;
			sourceTree = "<group>";
		};
		E462BE4B25E9F8C300891B12 /* WeatherForecastTests */ = {
			isa = PBXGroup;
			children = (
				E464163425EBA62C00C84A73 /* ApiService */,
				E464160525EBA0C000C84A73 /* LocalDatabaseService */,
				E464161325EBA12600C84A73 /* Weather */,
				E462BE4E25E9F8C300891B12 /* Info.plist */,
			);
			path = WeatherForecastTests;
			sourceTree = "<group>";
		};
		E462BE5625E9F8C300891B12 /* WeatherForecastUITests */ = {
			isa = PBXGroup;
			children = (
				E462BE5725E9F8C300891B12 /* WeatherForecastUITests.swift */,
				E462BE5925E9F8C300891B12 /* Info.plist */,
			);
			path = WeatherForecastUITests;
			sourceTree = "<group>";
		};
		E462BEA525EA09F900891B12 /* Model */ = {
			isa = PBXGroup;
			children = (
				E4DAE7B92C63F43800D8EB24 /* LocalStorage */,
				E462BEA625EA0A2D00891B12 /* QueryWeather */,
			);
			path = Model;
			sourceTree = "<group>";
		};
		E462BEA625EA0A2D00891B12 /* QueryWeather */ = {
			isa = PBXGroup;
			children = (
				E462BE7425EA059900891B12 /* QueryWeatherResponse.swift */,
				E4DAE7A02C63BF3700D8EB24 /* Clouds.swift */,
				E462BE8C25EA095D00891B12 /* Coordinate.swift */,
				E4DAE79E2C63BF2700D8EB24 /* Rain.swift */,
				E4DAE7A22C63BF4D00D8EB24 /* Sys.swift */,
				E4532C7025EA3271002B7E55 /* Units.swift */,
				E462BEA025EA09DD00891B12 /* Weather.swift */,
				E462BE6F25EA00ED00891B12 /* WeatherDetail.swift */,
				E4DAE79C2C63BF0A00D8EB24 /* Wind.swift */,
			);
			path = QueryWeather;
			sourceTree = "<group>";
		};
		E462BEA725EA0A6F00891B12 /* Controllers */ = {
			isa = PBXGroup;
			children = (
				E462BF0825EA1B2C00891B12 /* Base */,
				E462BF0C25EA1B4C00891B12 /* Weather */,
				E475E26E2C615290009B86C5 /* WeatherDetail */,
			);
			path = Controllers;
			sourceTree = "<group>";
		};
		E462BEA825EA0A8400891B12 /* ApiService */ = {
			isa = PBXGroup;
			children = (
				E4532C8F25EA4C0D002B7E55 /* Core */,
				E4DAE7BA2C63F46600D8EB24 /* RequestFactory */,
				E4532C5125EA272F002B7E55 /* ApiServiceType.swift */,
				E4532C3F25EA1F12002B7E55 /* ApiService.swift */,
				E4532C5925EA2897002B7E55 /* Endpoint.swift */,
			);
			path = ApiService;
			sourceTree = "<group>";
		};
		E462BEBF25EA15A600891B12 /* Utils */ = {
			isa = PBXGroup;
			children = (
				E462BEB225EA116900891B12 /* Date+Ext.swift */,
				E454F9E125EA8A93006A3640 /* Data+Ext.swift */,
				E454F9E625EA8B2F006A3640 /* Logger.swift */,
				E454F9EE25EA9791006A3640 /* NumberFormatter.swift */,
				E46415C525EB5CF800C84A73 /* UIView+Ext.swift */,
				E46415E525EB759C00C84A73 /* DialogViewPresentable.swift */,
				E4DAE7962C635A1D00D8EB24 /* String+Ext.swift */,
			);
			path = Utils;
			sourceTree = "<group>";
		};
		E462BEC625EA177300891B12 /* WeatherCell */ = {
			isa = PBXGroup;
			children = (
				E462BE6825E9FBD900891B12 /* WeatherCell.swift */,
				E462BE6925E9FBD900891B12 /* WeatherCell.xib */,
			);
			path = WeatherCell;
			sourceTree = "<group>";
		};
		E462BF0825EA1B2C00891B12 /* Base */ = {
			isa = PBXGroup;
			children = (
				E462BEF125EA198C00891B12 /* BaseViewController.swift */,
				E46415C025EB5C2400C84A73 /* BaseNavigationController.swift */,
			);
			path = Base;
			sourceTree = "<group>";
		};
		E462BF0C25EA1B4C00891B12 /* Weather */ = {
			isa = PBXGroup;
			children = (
				E462BEC625EA177300891B12 /* WeatherCell */,
				E462BE3925E9F8C100891B12 /* WeatherViewController.swift */,
				E462BEE925EA18BD00891B12 /* WeatherViewModel.swift */,
				E454F9B325EA7DD9006A3640 /* WeatherViewController.xib */,
				E4DAE7BB2C64097600D8EB24 /* WeatherDataSource.swift */,
			);
			path = Weather;
			sourceTree = "<group>";
		};
		E46415D625EB6B0500C84A73 /* LocalStorage */ = {
			isa = PBXGroup;
			children = (
				E4DAE79A2C637B6200D8EB24 /* RealmDatabaseService.swift */,
				E4DAE7B62C63E3B000D8EB24 /* RealmMigration.swift */,
			);
			path = LocalStorage;
			sourceTree = "<group>";
		};
		E464160525EBA0C000C84A73 /* LocalDatabaseService */ = {
			isa = PBXGroup;
			children = (
				E464160625EBA0E200C84A73 /* LocalDatabaseServiceTests.swift */,
				E42CC7B525EBC676003F06CE /* LocalDatabaseServiceMock.swift */,
			);
			path = LocalDatabaseService;
			sourceTree = "<group>";
		};
		E464161325EBA12600C84A73 /* Weather */ = {
			isa = PBXGroup;
			children = (
				E464160E25EBA11400C84A73 /* WeatherViewModelTests.swift */,
			);
			path = Weather;
			sourceTree = "<group>";
		};
		E464163425EBA62C00C84A73 /* ApiService */ = {
			isa = PBXGroup;
			children = (
				E46415EF25EB8DA900C84A73 /* saigon_weather.json */,
				E46415F425EB8DCD00C84A73 /* ApiServiceMock.swift */,
				E464162F25EBA62800C84A73 /* ApiServiceTests.swift */,
			);
			path = ApiService;
			sourceTree = "<group>";
		};
		E475E26E2C615290009B86C5 /* WeatherDetail */ = {
			isa = PBXGroup;
			children = (
				E475E2752C615328009B86C5 /* Cells */,
				E475E26A2C6148C9009B86C5 /* WeatherDetailViewController.swift */,
				E475E26B2C6148C9009B86C5 /* WeatherDetailViewController.xib */,
				E475E26F2C6152AF009B86C5 /* WeatherDetailViewModel.swift */,
				E4DAE7BD2C64115C00D8EB24 /* WeatherDetailDataSource.swift */,
			);
			path = WeatherDetail;
			sourceTree = "<group>";
		};
		E475E2752C615328009B86C5 /* Cells */ = {
			isa = PBXGroup;
			children = (
				E475E2712C615323009B86C5 /* SquareItemCell.swift */,
				E475E2722C615323009B86C5 /* SquareItemCell.xib */,
				E4DAE7922C634BBD00D8EB24 /* RetangleItemCell.swift */,
				E4DAE7932C634BBD00D8EB24 /* RetangleItemCell.xib */,
			);
			path = Cells;
			sourceTree = "<group>";
		};
		E4DAE7AC2C63D5B400D8EB24 /* DependencyContainer */ = {
			isa = PBXGroup;
			children = (
				E4DAE7B32C63D99900D8EB24 /* DICore */,
				E4DAE7A82C63D1BF00D8EB24 /* DependencyContainer.swift */,
			);
			path = DependencyContainer;
			sourceTree = "<group>";
		};
		E4DAE7B32C63D99900D8EB24 /* DICore */ = {
			isa = PBXGroup;
			children = (
				E4DAE7AA2C63D53C00D8EB24 /* Container.swift */,
				E4DAE7AD2C63D5DB00D8EB24 /* AnyServiceFactory.swift */,
				E4DAE7AF2C63D61700D8EB24 /* BasicServiceFactory.swift */,
				E4DAE7B12C63D64A00D8EB24 /* Resolver.swift */,
			);
			path = DICore;
			sourceTree = "<group>";
		};
		E4DAE7B92C63F43800D8EB24 /* LocalStorage */ = {
			isa = PBXGroup;
			children = (
				E4DAE7982C637A9600D8EB24 /* City.swift */,
			);
			path = LocalStorage;
			sourceTree = "<group>";
		};
		E4DAE7BA2C63F46600D8EB24 /* RequestFactory */ = {
			isa = PBXGroup;
			children = (
				E4532C6325EA2A3A002B7E55 /* RequestFactory.swift */,
				E4532C7D25EA4B0D002B7E55 /* QueryWeatherRequest.swift */,
			);
			path = RequestFactory;
			sourceTree = "<group>";
		};
		F5188555CA8701C378CED61D /* Pods */ = {
			isa = PBXGroup;
			children = (
				D8A43DB33D620359BE135946 /* Pods-WeatherForecast.debug.xcconfig */,
				764003430537DFECC35AC10A /* Pods-WeatherForecast.release.xcconfig */,
				DC2771EA5FC2C155EB5C1E31 /* Pods-WeatherForecast-WeatherForecastUITests.debug.xcconfig */,
				555B918D885FEA1AEC81ECA0 /* Pods-WeatherForecast-WeatherForecastUITests.release.xcconfig */,
				24412DE023D7C127CCAE24A9 /* Pods-WeatherForecastTests.debug.xcconfig */,
				CA23F637C781F09DF79DF990 /* Pods-WeatherForecastTests.release.xcconfig */,
			);
			path = Pods;
			sourceTree = "<group>";
		};
/* End PBXGroup section */

/* Begin PBXNativeTarget section */
		E462BE3125E9F8C100891B12 /* WeatherForecast */ = {
			isa = PBXNativeTarget;
			buildConfigurationList = E462BE5C25E9F8C300891B12 /* Build configuration list for PBXNativeTarget "WeatherForecast" */;
			buildPhases = (
				FBA05D5FD89723A5A435056C /* [CP] Check Pods Manifest.lock */,
				E462BE2E25E9F8C100891B12 /* Sources */,
				E462BE2F25E9F8C100891B12 /* Frameworks */,
				E462BE3025E9F8C100891B12 /* Resources */,
				41D619191F21D0AC72BA58BF /* [CP] Embed Pods Frameworks */,
			);
			buildRules = (
			);
			dependencies = (
			);
			name = WeatherForecast;
			productName = WeatherForecast;
			productReference = E462BE3225E9F8C100891B12 /* WeatherForecast.app */;
			productType = "com.apple.product-type.application";
		};
		E462BE4725E9F8C300891B12 /* WeatherForecastTests */ = {
			isa = PBXNativeTarget;
			buildConfigurationList = E462BE5F25E9F8C300891B12 /* Build configuration list for PBXNativeTarget "WeatherForecastTests" */;
			buildPhases = (
				76DFD8262A6804830C4E5820 /* [CP] Check Pods Manifest.lock */,
				E462BE4425E9F8C300891B12 /* Sources */,
				E462BE4525E9F8C300891B12 /* Frameworks */,
				E462BE4625E9F8C300891B12 /* Resources */,
				469CF1751A5EDABB31494D40 /* [CP] Embed Pods Frameworks */,
			);
			buildRules = (
			);
			dependencies = (
				E462BE4A25E9F8C300891B12 /* PBXTargetDependency */,
			);
			name = WeatherForecastTests;
			productName = WeatherForecastTests;
			productReference = E462BE4825E9F8C300891B12 /* WeatherForecastTests.xctest */;
			productType = "com.apple.product-type.bundle.unit-test";
		};
		E462BE5225E9F8C300891B12 /* WeatherForecastUITests */ = {
			isa = PBXNativeTarget;
			buildConfigurationList = E462BE6225E9F8C300891B12 /* Build configuration list for PBXNativeTarget "WeatherForecastUITests" */;
			buildPhases = (
				A83C70CE86BC352252425754 /* [CP] Check Pods Manifest.lock */,
				E462BE4F25E9F8C300891B12 /* Sources */,
				E462BE5025E9F8C300891B12 /* Frameworks */,
				E462BE5125E9F8C300891B12 /* Resources */,
				0AB3D88518EF77DF88E7E7A5 /* [CP] Embed Pods Frameworks */,
			);
			buildRules = (
			);
			dependencies = (
				E462BE5525E9F8C300891B12 /* PBXTargetDependency */,
			);
			name = WeatherForecastUITests;
			productName = WeatherForecastUITests;
			productReference = E462BE5325E9F8C300891B12 /* WeatherForecastUITests.xctest */;
			productType = "com.apple.product-type.bundle.ui-testing";
		};
/* End PBXNativeTarget section */

/* Begin PBXProject section */
		E462BE2A25E9F8C000891B12 /* Project object */ = {
			isa = PBXProject;
			attributes = {
				LastSwiftUpdateCheck = 1240;
				LastUpgradeCheck = 1240;
				TargetAttributes = {
					E462BE3125E9F8C100891B12 = {
						CreatedOnToolsVersion = 12.4;
					};
					E462BE4725E9F8C300891B12 = {
						CreatedOnToolsVersion = 12.4;
						TestTargetID = E462BE3125E9F8C100891B12;
					};
					E462BE5225E9F8C300891B12 = {
						CreatedOnToolsVersion = 12.4;
						TestTargetID = E462BE3125E9F8C100891B12;
					};
				};
			};
			buildConfigurationList = E462BE2D25E9F8C000891B12 /* Build configuration list for PBXProject "WeatherForecast" */;
			compatibilityVersion = "Xcode 9.3";
			developmentRegion = en;
			hasScannedForEncodings = 0;
			knownRegions = (
				en,
				Base,
			);
			mainGroup = E462BE2925E9F8C000891B12;
			productRefGroup = E462BE3325E9F8C100891B12 /* Products */;
			projectDirPath = "";
			projectRoot = "";
			targets = (
				E462BE3125E9F8C100891B12 /* WeatherForecast */,
				E462BE4725E9F8C300891B12 /* WeatherForecastTests */,
				E462BE5225E9F8C300891B12 /* WeatherForecastUITests */,
			);
		};
/* End PBXProject section */

/* Begin PBXResourcesBuildPhase section */
		E462BE3025E9F8C100891B12 /* Resources */ = {
			isa = PBXResourcesBuildPhase;
			buildActionMask = 2147483647;
			files = (
				E454F9B425EA7DD9006A3640 /* WeatherViewController.xib in Resources */,
				E462BE6B25E9FBD900891B12 /* WeatherCell.xib in Resources */,
				E475E26C2C6148C9009B86C5 /* WeatherDetailViewController.xib in Resources */,
				E46415F025EB8DA900C84A73 /* saigon_weather.json in Resources */,
				E4DAE7952C634BBD00D8EB24 /* RetangleItemCell.xib in Resources */,
				E42CC7D425EBDD1B003F06CE /* .swiftlint.yml in Resources */,
				E462BE4225E9F8C200891B12 /* LaunchScreen.storyboard in Resources */,
				E462BE3F25E9F8C200891B12 /* Assets.xcassets in Resources */,
				E475E2732C615323009B86C5 /* SquareItemCell.xib in Resources */,
			);
			runOnlyForDeploymentPostprocessing = 0;
		};
		E462BE4625E9F8C300891B12 /* Resources */ = {
			isa = PBXResourcesBuildPhase;
			buildActionMask = 2147483647;
			files = (
			);
			runOnlyForDeploymentPostprocessing = 0;
		};
		E462BE5125E9F8C300891B12 /* Resources */ = {
			isa = PBXResourcesBuildPhase;
			buildActionMask = 2147483647;
			files = (
			);
			runOnlyForDeploymentPostprocessing = 0;
		};
/* End PBXResourcesBuildPhase section */

/* Begin PBXShellScriptBuildPhase section */
		0AB3D88518EF77DF88E7E7A5 /* [CP] Embed Pods Frameworks */ = {
			isa = PBXShellScriptBuildPhase;
			buildActionMask = 2147483647;
			files = (
			);
			inputFileListPaths = (
				"${PODS_ROOT}/Target Support Files/Pods-WeatherForecast-WeatherForecastUITests/Pods-WeatherForecast-WeatherForecastUITests-frameworks-${CONFIGURATION}-input-files.xcfilelist",
			);
			name = "[CP] Embed Pods Frameworks";
			outputFileListPaths = (
				"${PODS_ROOT}/Target Support Files/Pods-WeatherForecast-WeatherForecastUITests/Pods-WeatherForecast-WeatherForecastUITests-frameworks-${CONFIGURATION}-output-files.xcfilelist",
			);
			runOnlyForDeploymentPostprocessing = 0;
			shellPath = /bin/sh;
			shellScript = "\"${PODS_ROOT}/Target Support Files/Pods-WeatherForecast-WeatherForecastUITests/Pods-WeatherForecast-WeatherForecastUITests-frameworks.sh\"\n";
			showEnvVarsInLog = 0;
		};
		41D619191F21D0AC72BA58BF /* [CP] Embed Pods Frameworks */ = {
			isa = PBXShellScriptBuildPhase;
			buildActionMask = 2147483647;
			files = (
			);
			inputFileListPaths = (
				"${PODS_ROOT}/Target Support Files/Pods-WeatherForecast/Pods-WeatherForecast-frameworks-${CONFIGURATION}-input-files.xcfilelist",
			);
			name = "[CP] Embed Pods Frameworks";
			outputFileListPaths = (
				"${PODS_ROOT}/Target Support Files/Pods-WeatherForecast/Pods-WeatherForecast-frameworks-${CONFIGURATION}-output-files.xcfilelist",
			);
			runOnlyForDeploymentPostprocessing = 0;
			shellPath = /bin/sh;
			shellScript = "\"${PODS_ROOT}/Target Support Files/Pods-WeatherForecast/Pods-WeatherForecast-frameworks.sh\"\n";
			showEnvVarsInLog = 0;
		};
		469CF1751A5EDABB31494D40 /* [CP] Embed Pods Frameworks */ = {
			isa = PBXShellScriptBuildPhase;
			buildActionMask = 2147483647;
			files = (
			);
			inputFileListPaths = (
				"${PODS_ROOT}/Target Support Files/Pods-WeatherForecastTests/Pods-WeatherForecastTests-frameworks-${CONFIGURATION}-input-files.xcfilelist",
			);
			name = "[CP] Embed Pods Frameworks";
			outputFileListPaths = (
				"${PODS_ROOT}/Target Support Files/Pods-WeatherForecastTests/Pods-WeatherForecastTests-frameworks-${CONFIGURATION}-output-files.xcfilelist",
			);
			runOnlyForDeploymentPostprocessing = 0;
			shellPath = /bin/sh;
			shellScript = "\"${PODS_ROOT}/Target Support Files/Pods-WeatherForecastTests/Pods-WeatherForecastTests-frameworks.sh\"\n";
			showEnvVarsInLog = 0;
		};
		76DFD8262A6804830C4E5820 /* [CP] Check Pods Manifest.lock */ = {
			isa = PBXShellScriptBuildPhase;
			buildActionMask = 2147483647;
			files = (
			);
			inputFileListPaths = (
			);
			inputPaths = (
				"${PODS_PODFILE_DIR_PATH}/Podfile.lock",
				"${PODS_ROOT}/Manifest.lock",
			);
			name = "[CP] Check Pods Manifest.lock";
			outputFileListPaths = (
			);
			outputPaths = (
				"$(DERIVED_FILE_DIR)/Pods-WeatherForecastTests-checkManifestLockResult.txt",
			);
			runOnlyForDeploymentPostprocessing = 0;
			shellPath = /bin/sh;
			shellScript = "diff \"${PODS_PODFILE_DIR_PATH}/Podfile.lock\" \"${PODS_ROOT}/Manifest.lock\" > /dev/null\nif [ $? != 0 ] ; then\n    # print error to STDERR\n    echo \"error: The sandbox is not in sync with the Podfile.lock. Run 'pod install' or update your CocoaPods installation.\" >&2\n    exit 1\nfi\n# This output is used by Xcode 'outputs' to avoid re-running this script phase.\necho \"SUCCESS\" > \"${SCRIPT_OUTPUT_FILE_0}\"\n";
			showEnvVarsInLog = 0;
		};
		A83C70CE86BC352252425754 /* [CP] Check Pods Manifest.lock */ = {
			isa = PBXShellScriptBuildPhase;
			buildActionMask = 2147483647;
			files = (
			);
			inputFileListPaths = (
			);
			inputPaths = (
				"${PODS_PODFILE_DIR_PATH}/Podfile.lock",
				"${PODS_ROOT}/Manifest.lock",
			);
			name = "[CP] Check Pods Manifest.lock";
			outputFileListPaths = (
			);
			outputPaths = (
				"$(DERIVED_FILE_DIR)/Pods-WeatherForecast-WeatherForecastUITests-checkManifestLockResult.txt",
			);
			runOnlyForDeploymentPostprocessing = 0;
			shellPath = /bin/sh;
			shellScript = "diff \"${PODS_PODFILE_DIR_PATH}/Podfile.lock\" \"${PODS_ROOT}/Manifest.lock\" > /dev/null\nif [ $? != 0 ] ; then\n    # print error to STDERR\n    echo \"error: The sandbox is not in sync with the Podfile.lock. Run 'pod install' or update your CocoaPods installation.\" >&2\n    exit 1\nfi\n# This output is used by Xcode 'outputs' to avoid re-running this script phase.\necho \"SUCCESS\" > \"${SCRIPT_OUTPUT_FILE_0}\"\n";
			showEnvVarsInLog = 0;
		};
		FBA05D5FD89723A5A435056C /* [CP] Check Pods Manifest.lock */ = {
			isa = PBXShellScriptBuildPhase;
			buildActionMask = 2147483647;
			files = (
			);
			inputFileListPaths = (
			);
			inputPaths = (
				"${PODS_PODFILE_DIR_PATH}/Podfile.lock",
				"${PODS_ROOT}/Manifest.lock",
			);
			name = "[CP] Check Pods Manifest.lock";
			outputFileListPaths = (
			);
			outputPaths = (
				"$(DERIVED_FILE_DIR)/Pods-WeatherForecast-checkManifestLockResult.txt",
			);
			runOnlyForDeploymentPostprocessing = 0;
			shellPath = /bin/sh;
			shellScript = "diff \"${PODS_PODFILE_DIR_PATH}/Podfile.lock\" \"${PODS_ROOT}/Manifest.lock\" > /dev/null\nif [ $? != 0 ] ; then\n    # print error to STDERR\n    echo \"error: The sandbox is not in sync with the Podfile.lock. Run 'pod install' or update your CocoaPods installation.\" >&2\n    exit 1\nfi\n# This output is used by Xcode 'outputs' to avoid re-running this script phase.\necho \"SUCCESS\" > \"${SCRIPT_OUTPUT_FILE_0}\"\n";
			showEnvVarsInLog = 0;
		};
/* End PBXShellScriptBuildPhase section */

/* Begin PBXSourcesBuildPhase section */
		E462BE2E25E9F8C100891B12 /* Sources */ = {
			isa = PBXSourcesBuildPhase;
			buildActionMask = 2147483647;
			files = (
				E454F9E725EA8B2F006A3640 /* Logger.swift in Sources */,
				E4532C6425EA2A3A002B7E55 /* RequestFactory.swift in Sources */,
				E4532C7125EA3271002B7E55 /* Units.swift in Sources */,
				E4DAE7BC2C64097600D8EB24 /* WeatherDataSource.swift in Sources */,
				E4532C5F25EA294E002B7E55 /* BaseRequest.swift in Sources */,
				E462BEEA25EA18BD00891B12 /* WeatherViewModel.swift in Sources */,
				E4DAE7942C634BBD00D8EB24 /* RetangleItemCell.swift in Sources */,
				E4DAE7B72C63E3B000D8EB24 /* RealmMigration.swift in Sources */,
				E462BE8D25EA095D00891B12 /* Coordinate.swift in Sources */,
				E4DAE7992C637A9600D8EB24 /* City.swift in Sources */,
				E462BE7525EA059900891B12 /* QueryWeatherResponse.swift in Sources */,
				E4DAE7BE2C64115C00D8EB24 /* WeatherDetailDataSource.swift in Sources */,
				E4DAE79D2C63BF0A00D8EB24 /* Wind.swift in Sources */,
				E4532C8B25EA4BD7002B7E55 /* HTTPRequest.swift in Sources */,
				E4DAE7B22C63D64A00D8EB24 /* Resolver.swift in Sources */,
				E4532C5225EA272F002B7E55 /* ApiServiceType.swift in Sources */,
				E4532C4825EA2667002B7E55 /* BaseError.swift in Sources */,
				E454F9EF25EA9791006A3640 /* NumberFormatter.swift in Sources */,
				E46415C125EB5C2400C84A73 /* BaseNavigationController.swift in Sources */,
				E462BEB325EA116900891B12 /* Date+Ext.swift in Sources */,
				E4DAE7B02C63D61700D8EB24 /* BasicServiceFactory.swift in Sources */,
				E4DAE7AE2C63D5DB00D8EB24 /* AnyServiceFactory.swift in Sources */,
				E4532C6925EA2E03002B7E55 /* Configuration.swift in Sources */,
				E4DAE79F2C63BF2700D8EB24 /* Rain.swift in Sources */,
				E462BEF225EA198C00891B12 /* BaseViewController.swift in Sources */,
				E4532C9725EA4C64002B7E55 /* BaseResponse.swift in Sources */,
				E462BEA125EA09DD00891B12 /* Weather.swift in Sources */,
				E475E26D2C6148C9009B86C5 /* WeatherDetailViewController.swift in Sources */,
				E462BE6A25E9FBD900891B12 /* WeatherCell.swift in Sources */,
				E475E2702C6152AF009B86C5 /* WeatherDetailViewModel.swift in Sources */,
				E4532C8625EA4BC9002B7E55 /* HTTPMethod.swift in Sources */,
				E462BE3A25E9F8C100891B12 /* WeatherViewController.swift in Sources */,
				E4DAE7972C635A1D00D8EB24 /* String+Ext.swift in Sources */,
				E4DAE7A12C63BF3700D8EB24 /* Clouds.swift in Sources */,
				E454F9E225EA8A93006A3640 /* Data+Ext.swift in Sources */,
				E4DAE7A32C63BF4D00D8EB24 /* Sys.swift in Sources */,
				E462BE7025EA00ED00891B12 /* WeatherDetail.swift in Sources */,
				E4DAE7AB2C63D53C00D8EB24 /* Container.swift in Sources */,
				E46415E625EB759C00C84A73 /* DialogViewPresentable.swift in Sources */,
				E475E2742C615323009B86C5 /* SquareItemCell.swift in Sources */,
				E4532C4025EA1F12002B7E55 /* ApiService.swift in Sources */,
				E462BE3625E9F8C100891B12 /* AppDelegate.swift in Sources */,
				E4DAE79B2C637B6200D8EB24 /* RealmDatabaseService.swift in Sources */,
				E46415C625EB5CF800C84A73 /* UIView+Ext.swift in Sources */,
				E4532C5A25EA2897002B7E55 /* Endpoint.swift in Sources */,
				E4532C7E25EA4B0D002B7E55 /* QueryWeatherRequest.swift in Sources */,
				E4DAE7A92C63D1BF00D8EB24 /* DependencyContainer.swift in Sources */,
			);
			runOnlyForDeploymentPostprocessing = 0;
		};
		E462BE4425E9F8C300891B12 /* Sources */ = {
			isa = PBXSourcesBuildPhase;
			buildActionMask = 2147483647;
			files = (
				E464160725EBA0E200C84A73 /* LocalDatabaseServiceTests.swift in Sources */,
				E464163025EBA62800C84A73 /* ApiServiceTests.swift in Sources */,
				E42CC7A025EBC12E003F06CE /* ApiServiceMock.swift in Sources */,
				E42CC7B625EBC676003F06CE /* LocalDatabaseServiceMock.swift in Sources */,
				E464160F25EBA11400C84A73 /* WeatherViewModelTests.swift in Sources */,
			);
			runOnlyForDeploymentPostprocessing = 0;
		};
		E462BE4F25E9F8C300891B12 /* Sources */ = {
			isa = PBXSourcesBuildPhase;
			buildActionMask = 2147483647;
			files = (
				E462BE5825E9F8C300891B12 /* WeatherForecastUITests.swift in Sources */,
			);
			runOnlyForDeploymentPostprocessing = 0;
		};
/* End PBXSourcesBuildPhase section */

/* Begin PBXTargetDependency section */
		E462BE4A25E9F8C300891B12 /* PBXTargetDependency */ = {
			isa = PBXTargetDependency;
			target = E462BE3125E9F8C100891B12 /* WeatherForecast */;
			targetProxy = E462BE4925E9F8C300891B12 /* PBXContainerItemProxy */;
		};
		E462BE5525E9F8C300891B12 /* PBXTargetDependency */ = {
			isa = PBXTargetDependency;
			target = E462BE3125E9F8C100891B12 /* WeatherForecast */;
			targetProxy = E462BE5425E9F8C300891B12 /* PBXContainerItemProxy */;
		};
/* End PBXTargetDependency section */

/* Begin PBXVariantGroup section */
		E462BE4025E9F8C200891B12 /* LaunchScreen.storyboard */ = {
			isa = PBXVariantGroup;
			children = (
				E462BE4125E9F8C200891B12 /* Base */,
			);
			name = LaunchScreen.storyboard;
			sourceTree = "<group>";
		};
/* End PBXVariantGroup section */

/* Begin XCBuildConfiguration section */
		E462BE5A25E9F8C300891B12 /* Debug */ = {
			isa = XCBuildConfiguration;
			buildSettings = {
				ALWAYS_SEARCH_USER_PATHS = NO;
				CLANG_ANALYZER_NONNULL = YES;
				CLANG_ANALYZER_NUMBER_OBJECT_CONVERSION = YES_AGGRESSIVE;
				CLANG_CXX_LANGUAGE_STANDARD = "gnu++14";
				CLANG_CXX_LIBRARY = "libc++";
				CLANG_ENABLE_MODULES = YES;
				CLANG_ENABLE_OBJC_ARC = YES;
				CLANG_ENABLE_OBJC_WEAK = YES;
				CLANG_WARN_BLOCK_CAPTURE_AUTORELEASING = YES;
				CLANG_WARN_BOOL_CONVERSION = YES;
				CLANG_WARN_COMMA = YES;
				CLANG_WARN_CONSTANT_CONVERSION = YES;
				CLANG_WARN_DEPRECATED_OBJC_IMPLEMENTATIONS = YES;
				CLANG_WARN_DIRECT_OBJC_ISA_USAGE = YES_ERROR;
				CLANG_WARN_DOCUMENTATION_COMMENTS = YES;
				CLANG_WARN_EMPTY_BODY = YES;
				CLANG_WARN_ENUM_CONVERSION = YES;
				CLANG_WARN_INFINITE_RECURSION = YES;
				CLANG_WARN_INT_CONVERSION = YES;
				CLANG_WARN_NON_LITERAL_NULL_CONVERSION = YES;
				CLANG_WARN_OBJC_IMPLICIT_RETAIN_SELF = YES;
				CLANG_WARN_OBJC_LITERAL_CONVERSION = YES;
				CLANG_WARN_OBJC_ROOT_CLASS = YES_ERROR;
				CLANG_WARN_QUOTED_INCLUDE_IN_FRAMEWORK_HEADER = YES;
				CLANG_WARN_RANGE_LOOP_ANALYSIS = YES;
				CLANG_WARN_STRICT_PROTOTYPES = YES;
				CLANG_WARN_SUSPICIOUS_MOVE = YES;
				CLANG_WARN_UNGUARDED_AVAILABILITY = YES_AGGRESSIVE;
				CLANG_WARN_UNREACHABLE_CODE = YES;
				CLANG_WARN__DUPLICATE_METHOD_MATCH = YES;
				COPY_PHASE_STRIP = NO;
				DEBUG_INFORMATION_FORMAT = dwarf;
				ENABLE_STRICT_OBJC_MSGSEND = YES;
				ENABLE_TESTABILITY = YES;
				GCC_C_LANGUAGE_STANDARD = gnu11;
				GCC_DYNAMIC_NO_PIC = NO;
				GCC_NO_COMMON_BLOCKS = YES;
				GCC_OPTIMIZATION_LEVEL = 0;
				GCC_PREPROCESSOR_DEFINITIONS = (
					"DEBUG=1",
					"$(inherited)",
				);
				GCC_WARN_64_TO_32_BIT_CONVERSION = YES;
				GCC_WARN_ABOUT_RETURN_TYPE = YES_ERROR;
				GCC_WARN_UNDECLARED_SELECTOR = YES;
				GCC_WARN_UNINITIALIZED_AUTOS = YES_AGGRESSIVE;
				GCC_WARN_UNUSED_FUNCTION = YES;
				GCC_WARN_UNUSED_VARIABLE = YES;
				IPHONEOS_DEPLOYMENT_TARGET = 14.4;
				MTL_ENABLE_DEBUG_INFO = INCLUDE_SOURCE;
				MTL_FAST_MATH = YES;
				ONLY_ACTIVE_ARCH = YES;
				SDKROOT = iphoneos;
				SWIFT_ACTIVE_COMPILATION_CONDITIONS = DEBUG;
				SWIFT_OPTIMIZATION_LEVEL = "-Onone";
			};
			name = Debug;
		};
		E462BE5B25E9F8C300891B12 /* Release */ = {
			isa = XCBuildConfiguration;
			buildSettings = {
				ALWAYS_SEARCH_USER_PATHS = NO;
				CLANG_ANALYZER_NONNULL = YES;
				CLANG_ANALYZER_NUMBER_OBJECT_CONVERSION = YES_AGGRESSIVE;
				CLANG_CXX_LANGUAGE_STANDARD = "gnu++14";
				CLANG_CXX_LIBRARY = "libc++";
				CLANG_ENABLE_MODULES = YES;
				CLANG_ENABLE_OBJC_ARC = YES;
				CLANG_ENABLE_OBJC_WEAK = YES;
				CLANG_WARN_BLOCK_CAPTURE_AUTORELEASING = YES;
				CLANG_WARN_BOOL_CONVERSION = YES;
				CLANG_WARN_COMMA = YES;
				CLANG_WARN_CONSTANT_CONVERSION = YES;
				CLANG_WARN_DEPRECATED_OBJC_IMPLEMENTATIONS = YES;
				CLANG_WARN_DIRECT_OBJC_ISA_USAGE = YES_ERROR;
				CLANG_WARN_DOCUMENTATION_COMMENTS = YES;
				CLANG_WARN_EMPTY_BODY = YES;
				CLANG_WARN_ENUM_CONVERSION = YES;
				CLANG_WARN_INFINITE_RECURSION = YES;
				CLANG_WARN_INT_CONVERSION = YES;
				CLANG_WARN_NON_LITERAL_NULL_CONVERSION = YES;
				CLANG_WARN_OBJC_IMPLICIT_RETAIN_SELF = YES;
				CLANG_WARN_OBJC_LITERAL_CONVERSION = YES;
				CLANG_WARN_OBJC_ROOT_CLASS = YES_ERROR;
				CLANG_WARN_QUOTED_INCLUDE_IN_FRAMEWORK_HEADER = YES;
				CLANG_WARN_RANGE_LOOP_ANALYSIS = YES;
				CLANG_WARN_STRICT_PROTOTYPES = YES;
				CLANG_WARN_SUSPICIOUS_MOVE = YES;
				CLANG_WARN_UNGUARDED_AVAILABILITY = YES_AGGRESSIVE;
				CLANG_WARN_UNREACHABLE_CODE = YES;
				CLANG_WARN__DUPLICATE_METHOD_MATCH = YES;
				COPY_PHASE_STRIP = NO;
				DEBUG_INFORMATION_FORMAT = "dwarf-with-dsym";
				ENABLE_NS_ASSERTIONS = NO;
				ENABLE_STRICT_OBJC_MSGSEND = YES;
				GCC_C_LANGUAGE_STANDARD = gnu11;
				GCC_NO_COMMON_BLOCKS = YES;
				GCC_WARN_64_TO_32_BIT_CONVERSION = YES;
				GCC_WARN_ABOUT_RETURN_TYPE = YES_ERROR;
				GCC_WARN_UNDECLARED_SELECTOR = YES;
				GCC_WARN_UNINITIALIZED_AUTOS = YES_AGGRESSIVE;
				GCC_WARN_UNUSED_FUNCTION = YES;
				GCC_WARN_UNUSED_VARIABLE = YES;
				IPHONEOS_DEPLOYMENT_TARGET = 14.4;
				MTL_ENABLE_DEBUG_INFO = NO;
				MTL_FAST_MATH = YES;
				SDKROOT = iphoneos;
				SWIFT_COMPILATION_MODE = wholemodule;
				SWIFT_OPTIMIZATION_LEVEL = "-O";
				VALIDATE_PRODUCT = YES;
			};
			name = Release;
		};
		E462BE5D25E9F8C300891B12 /* Debug */ = {
			isa = XCBuildConfiguration;
			baseConfigurationReference = D8A43DB33D620359BE135946 /* Pods-WeatherForecast.debug.xcconfig */;
			buildSettings = {
				ASSETCATALOG_COMPILER_APPICON_NAME = AppIcon;
				ASSETCATALOG_COMPILER_GLOBAL_ACCENT_COLOR_NAME = AccentColor;
				CODE_SIGN_STYLE = Automatic;
				DEVELOPMENT_TEAM = 483WEGF3PL;
				INFOPLIST_FILE = WeatherForecast/Info.plist;
				IPHONEOS_DEPLOYMENT_TARGET = 12.0;
				LD_RUNPATH_SEARCH_PATHS = (
					"$(inherited)",
					"@executable_path/Frameworks",
				);
				PRODUCT_BUNDLE_IDENTIFIER = vn.com.htt.WeatherForecast;
				PRODUCT_NAME = "$(TARGET_NAME)";
				SUPPORTED_PLATFORMS = "iphoneos iphonesimulator";
				SUPPORTS_MACCATALYST = NO;
				SUPPORTS_MAC_DESIGNED_FOR_IPHONE_IPAD = NO;
				SUPPORTS_XR_DESIGNED_FOR_IPHONE_IPAD = NO;
				SWIFT_REFLECTION_METADATA_LEVEL = all;
				SWIFT_VERSION = 5.0;
				TARGETED_DEVICE_FAMILY = 1;
			};
			name = Debug;
		};
		E462BE5E25E9F8C300891B12 /* Release */ = {
			isa = XCBuildConfiguration;
			baseConfigurationReference = 764003430537DFECC35AC10A /* Pods-WeatherForecast.release.xcconfig */;
			buildSettings = {
				ASSETCATALOG_COMPILER_APPICON_NAME = AppIcon;
				ASSETCATALOG_COMPILER_GLOBAL_ACCENT_COLOR_NAME = AccentColor;
				CODE_SIGN_STYLE = Automatic;
				DEVELOPMENT_TEAM = 483WEGF3PL;
				INFOPLIST_FILE = WeatherForecast/Info.plist;
				IPHONEOS_DEPLOYMENT_TARGET = 12.0;
				LD_RUNPATH_SEARCH_PATHS = (
					"$(inherited)",
					"@executable_path/Frameworks",
				);
				PRODUCT_BUNDLE_IDENTIFIER = vn.com.htt.WeatherForecast;
				PRODUCT_NAME = "$(TARGET_NAME)";
				SUPPORTED_PLATFORMS = "iphoneos iphonesimulator";
				SUPPORTS_MACCATALYST = NO;
				SUPPORTS_MAC_DESIGNED_FOR_IPHONE_IPAD = NO;
				SUPPORTS_XR_DESIGNED_FOR_IPHONE_IPAD = NO;
				SWIFT_REFLECTION_METADATA_LEVEL = all;
				SWIFT_VERSION = 5.0;
				TARGETED_DEVICE_FAMILY = 1;
			};
			name = Release;
		};
		E462BE6025E9F8C300891B12 /* Debug */ = {
			isa = XCBuildConfiguration;
			baseConfigurationReference = 24412DE023D7C127CCAE24A9 /* Pods-WeatherForecastTests.debug.xcconfig */;
			buildSettings = {
				ALWAYS_EMBED_SWIFT_STANDARD_LIBRARIES = YES;
				BUNDLE_LOADER = "$(TEST_HOST)";
				CODE_SIGN_STYLE = Automatic;
				DEVELOPMENT_TEAM = 483WEGF3PL;
				INFOPLIST_FILE = WeatherForecastTests/Info.plist;
				IPHONEOS_DEPLOYMENT_TARGET = 14.4;
				LD_RUNPATH_SEARCH_PATHS = (
					"$(inherited)",
					"@executable_path/Frameworks",
					"@loader_path/Frameworks",
				);
				PRODUCT_BUNDLE_IDENTIFIER = vn.com.htt.WeatherForecastTests;
				PRODUCT_NAME = "$(TARGET_NAME)";
				SWIFT_VERSION = 5.0;
				TARGETED_DEVICE_FAMILY = "1,2";
				TEST_HOST = "$(BUILT_PRODUCTS_DIR)/WeatherForecast.app/WeatherForecast";
			};
			name = Debug;
		};
		E462BE6125E9F8C300891B12 /* Release */ = {
			isa = XCBuildConfiguration;
			baseConfigurationReference = CA23F637C781F09DF79DF990 /* Pods-WeatherForecastTests.release.xcconfig */;
			buildSettings = {
				ALWAYS_EMBED_SWIFT_STANDARD_LIBRARIES = YES;
				BUNDLE_LOADER = "$(TEST_HOST)";
				CODE_SIGN_STYLE = Automatic;
				DEVELOPMENT_TEAM = 483WEGF3PL;
				INFOPLIST_FILE = WeatherForecastTests/Info.plist;
				IPHONEOS_DEPLOYMENT_TARGET = 14.4;
				LD_RUNPATH_SEARCH_PATHS = (
					"$(inherited)",
					"@executable_path/Frameworks",
					"@loader_path/Frameworks",
				);
				PRODUCT_BUNDLE_IDENTIFIER = vn.com.htt.WeatherForecastTests;
				PRODUCT_NAME = "$(TARGET_NAME)";
				SWIFT_VERSION = 5.0;
				TARGETED_DEVICE_FAMILY = "1,2";
				TEST_HOST = "$(BUILT_PRODUCTS_DIR)/WeatherForecast.app/WeatherForecast";
			};
			name = Release;
		};
		E462BE6325E9F8C300891B12 /* Debug */ = {
			isa = XCBuildConfiguration;
			baseConfigurationReference = DC2771EA5FC2C155EB5C1E31 /* Pods-WeatherForecast-WeatherForecastUITests.debug.xcconfig */;
			buildSettings = {
				ALWAYS_EMBED_SWIFT_STANDARD_LIBRARIES = YES;
				CODE_SIGN_STYLE = Automatic;
				DEVELOPMENT_TEAM = 483WEGF3PL;
				INFOPLIST_FILE = WeatherForecastUITests/Info.plist;
				LD_RUNPATH_SEARCH_PATHS = (
					"$(inherited)",
					"@executable_path/Frameworks",
					"@loader_path/Frameworks",
				);
				PRODUCT_BUNDLE_IDENTIFIER = vn.com.htt.WeatherForecastUITests;
				PRODUCT_NAME = "$(TARGET_NAME)";
				SWIFT_VERSION = 5.0;
				TARGETED_DEVICE_FAMILY = "1,2";
				TEST_TARGET_NAME = WeatherForecast;
			};
			name = Debug;
		};
		E462BE6425E9F8C300891B12 /* Release */ = {
			isa = XCBuildConfiguration;
			baseConfigurationReference = 555B918D885FEA1AEC81ECA0 /* Pods-WeatherForecast-WeatherForecastUITests.release.xcconfig */;
			buildSettings = {
				ALWAYS_EMBED_SWIFT_STANDARD_LIBRARIES = YES;
				CODE_SIGN_STYLE = Automatic;
				DEVELOPMENT_TEAM = 483WEGF3PL;
				INFOPLIST_FILE = WeatherForecastUITests/Info.plist;
				LD_RUNPATH_SEARCH_PATHS = (
					"$(inherited)",
					"@executable_path/Frameworks",
					"@loader_path/Frameworks",
				);
				PRODUCT_BUNDLE_IDENTIFIER = vn.com.htt.WeatherForecastUITests;
				PRODUCT_NAME = "$(TARGET_NAME)";
				SWIFT_VERSION = 5.0;
				TARGETED_DEVICE_FAMILY = "1,2";
				TEST_TARGET_NAME = WeatherForecast;
			};
			name = Release;
		};
/* End XCBuildConfiguration section */

/* Begin XCConfigurationList section */
		E462BE2D25E9F8C000891B12 /* Build configuration list for PBXProject "WeatherForecast" */ = {
			isa = XCConfigurationList;
			buildConfigurations = (
				E462BE5A25E9F8C300891B12 /* Debug */,
				E462BE5B25E9F8C300891B12 /* Release */,
			);
			defaultConfigurationIsVisible = 0;
			defaultConfigurationName = Release;
		};
		E462BE5C25E9F8C300891B12 /* Build configuration list for PBXNativeTarget "WeatherForecast" */ = {
			isa = XCConfigurationList;
			buildConfigurations = (
				E462BE5D25E9F8C300891B12 /* Debug */,
				E462BE5E25E9F8C300891B12 /* Release */,
			);
			defaultConfigurationIsVisible = 0;
			defaultConfigurationName = Release;
		};
		E462BE5F25E9F8C300891B12 /* Build configuration list for PBXNativeTarget "WeatherForecastTests" */ = {
			isa = XCConfigurationList;
			buildConfigurations = (
				E462BE6025E9F8C300891B12 /* Debug */,
				E462BE6125E9F8C300891B12 /* Release */,
			);
			defaultConfigurationIsVisible = 0;
			defaultConfigurationName = Release;
		};
		E462BE6225E9F8C300891B12 /* Build configuration list for PBXNativeTarget "WeatherForecastUITests" */ = {
			isa = XCConfigurationList;
			buildConfigurations = (
				E462BE6325E9F8C300891B12 /* Debug */,
				E462BE6425E9F8C300891B12 /* Release */,
			);
			defaultConfigurationIsVisible = 0;
			defaultConfigurationName = Release;
		};
/* End XCConfigurationList section */
	};
	rootObject = E462BE2A25E9F8C000891B12 /* Project object */;
}
